
Microsoft Visual Studio Solution File, Format Version 12.00
# Visual Studio 15
VisualStudioVersion = 15.0.28307.960
MinimumVisualStudioVersion = 10.0.40219.1
Project("{FAE04EC0-301F-11D3-BF4B-00C04F79EFBC}") = "ConsoleApp3", "ConsoleApp3\ConsoleApp3.csproj", "{A68ED9A3-E160-4D24-ADE7-667A6AD80ED0}"
EndProject
Global
	GlobalSection(SolutionConfigurationPlatforms) = preSolution
		Debug|Any CPU = Debug|Any CPU
		Release|Any CPU = Release|Any CPU
	EndGlobalSection
	GlobalSection(ProjectConfigurationPlatforms) = postSolution
		{A68ED9A3-E160-4D24-ADE7-667A6AD80ED0}.Debug|Any CPU.ActiveCfg = Debug|Any CPU
		{A68ED9A3-E160-4D24-ADE7-667A6AD80ED0}.Debug|Any CPU.Build.0 = Debug|Any CPU
		{A68ED9A3-E160-4D24-ADE7-667A6AD80ED0}.Release|Any CPU.ActiveCfg = Release|Any CPU
		{A68ED9A3-E160-4D24-ADE7-667A6AD80ED0}.Release|Any CPU.Build.0 = Release|Any CPU
	EndGlobalSection
	GlobalSection(SolutionProperties) = preSolution
		HideSolutionNode = FALSE
	EndGlobalSection
	GlobalSection(ExtensibilityGlobals) = postSolution
		SolutionGuid = {9B2B9641-1EFF-432D-9F55-3BD9E90235C9}
	EndGlobalSection
EndGlobal
